// !$*UTF8*$!
{
	archiveVersion = 1;
	classes = {
	};
	objectVersion = 56;
	objects = {

/* Begin PBXBuildFile section */
		3537D1372A5E46AF0003482D /* ReadMe.strings in Resources */ = {isa = PBXBuildFile; fileRef = 3537D1362A5E46AF0003482D /* ReadMe.strings */; };
		3537D1392A5E4CEA0003482D /* HomeVM.swift in Sources */ = {isa = PBXBuildFile; fileRef = 3537D1382A5E4CEA0003482D /* HomeVM.swift */; };
		35820BB92A64D18C00E61670 /* SmallVerticalButton.swift in Sources */ = {isa = PBXBuildFile; fileRef = 35820BB82A64D18C00E61670 /* SmallVerticalButton.swift */; };
		35820BBB2A64D6F800E61670 /* PlayButton.swift in Sources */ = {isa = PBXBuildFile; fileRef = 35820BBA2A64D6F800E61670 /* PlayButton.swift */; };
		35BBFA6E2A5D455F00F1F69F /* CloneNetflixApp.swift in Sources */ = {isa = PBXBuildFile; fileRef = 35BBFA6D2A5D455F00F1F69F /* CloneNetflixApp.swift */; };
		35BBFA702A5D455F00F1F69F /* ContentView.swift in Sources */ = {isa = PBXBuildFile; fileRef = 35BBFA6F2A5D455F00F1F69F /* ContentView.swift */; };
		35BBFA722A5D456000F1F69F /* Assets.xcassets in Resources */ = {isa = PBXBuildFile; fileRef = 35BBFA712A5D456000F1F69F /* Assets.xcassets */; };
		35BBFA752A5D456000F1F69F /* Preview Assets.xcassets in Resources */ = {isa = PBXBuildFile; fileRef = 35BBFA742A5D456000F1F69F /* Preview Assets.xcassets */; };
		35BBFA7D2A5D468C00F1F69F /* HomeView.swift in Sources */ = {isa = PBXBuildFile; fileRef = 35BBFA7C2A5D468C00F1F69F /* HomeView.swift */; };
		35BBFA802A5D494D00F1F69F /* Kingfisher in Frameworks */ = {isa = PBXBuildFile; productRef = 35BBFA7F2A5D494D00F1F69F /* Kingfisher */; };
		35BBFA822A5D49DD00F1F69F /* Movie.swift in Sources */ = {isa = PBXBuildFile; fileRef = 35BBFA812A5D49DD00F1F69F /* Movie.swift */; };
		35BBFA842A5D4A6600F1F69F /* StandardHomeMovie.swift in Sources */ = {isa = PBXBuildFile; fileRef = 35BBFA832A5D4A6600F1F69F /* StandardHomeMovie.swift */; };
		35BBFA862A5D4AAA00F1F69F /* GlobalHelpers.swift in Sources */ = {isa = PBXBuildFile; fileRef = 35BBFA852A5D4AAA00F1F69F /* GlobalHelpers.swift */; };
		35CF13712A72F49600260C7D /* MovieDetail.swift in Sources */ = {isa = PBXBuildFile; fileRef = 35CF13702A72F49600260C7D /* MovieDetail.swift */; };
		35CF13752A73733200260C7D /* Episode.swift in Sources */ = {isa = PBXBuildFile; fileRef = 35CF13742A73733200260C7D /* Episode.swift */; };
		35CF13772A7508FB00260C7D /* CustomTabSwitcher.swift in Sources */ = {isa = PBXBuildFile; fileRef = 35CF13762A7508FB00260C7D /* CustomTabSwitcher.swift */; };
		35CF137A2A794AB200260C7D /* MoreLikeThis.swift in Sources */ = {isa = PBXBuildFile; fileRef = 35CF13792A794AB200260C7D /* MoreLikeThis.swift */; };
		35CF137C2A798ABA00260C7D /* Trailer.swift in Sources */ = {isa = PBXBuildFile; fileRef = 35CF137B2A798ABA00260C7D /* Trailer.swift */; };
		35CF137E2A798B5500260C7D /* SwiftUIVideoView.swift in Sources */ = {isa = PBXBuildFile; fileRef = 35CF137D2A798B5500260C7D /* SwiftUIVideoView.swift */; };
		35CF13812A798D0D00260C7D /* VideoPreviewImage.swift in Sources */ = {isa = PBXBuildFile; fileRef = 35CF13802A798D0D00260C7D /* VideoPreviewImage.swift */; };
		35CF13832A798F4600260C7D /* TrailerList.swift in Sources */ = {isa = PBXBuildFile; fileRef = 35CF13822A798F4600260C7D /* TrailerList.swift */; };
		35CF13872A7DE67400260C7D /* EpisdoeView.swift in Sources */ = {isa = PBXBuildFile; fileRef = 35CF13862A7DE67400260C7D /* EpisdoeView.swift */; };
		35CF13892A8379FA00260C7D /* HomeStack.swift in Sources */ = {isa = PBXBuildFile; fileRef = 35CF13882A8379FA00260C7D /* HomeStack.swift */; };
		35CF13992A8F81B400260C7D /* SearchBar.swift in Sources */ = {isa = PBXBuildFile; fileRef = 35CF13982A8F81B400260C7D /* SearchBar.swift */; };
		35D70A8E2A63DD5E003601AE /* TopMoviePreview.swift in Sources */ = {isa = PBXBuildFile; fileRef = 35D70A8D2A63DD5E003601AE /* TopMoviePreview.swift */; };
/* End PBXBuildFile section */

/* Begin PBXFileReference section */
		3537D1362A5E46AF0003482D /* ReadMe.strings */ = {isa = PBXFileReference; lastKnownFileType = text.plist.strings; path = ReadMe.strings; sourceTree = "<group>"; };
		3537D1382A5E4CEA0003482D /* HomeVM.swift */ = {isa = PBXFileReference; lastKnownFileType = sourcecode.swift; path = HomeVM.swift; sourceTree = "<group>"; };
		35820BB82A64D18C00E61670 /* SmallVerticalButton.swift */ = {isa = PBXFileReference; lastKnownFileType = sourcecode.swift; path = SmallVerticalButton.swift; sourceTree = "<group>"; };
		35820BBA2A64D6F800E61670 /* PlayButton.swift */ = {isa = PBXFileReference; lastKnownFileType = sourcecode.swift; path = PlayButton.swift; sourceTree = "<group>"; };
		35BBFA6A2A5D455F00F1F69F /* CloneNetflix.app */ = {isa = PBXFileReference; explicitFileType = wrapper.application; includeInIndex = 0; path = CloneNetflix.app; sourceTree = BUILT_PRODUCTS_DIR; };
		35BBFA6D2A5D455F00F1F69F /* CloneNetflixApp.swift */ = {isa = PBXFileReference; lastKnownFileType = sourcecode.swift; path = CloneNetflixApp.swift; sourceTree = "<group>"; };
		35BBFA6F2A5D455F00F1F69F /* ContentView.swift */ = {isa = PBXFileReference; lastKnownFileType = sourcecode.swift; path = ContentView.swift; sourceTree = "<group>"; };
		35BBFA712A5D456000F1F69F /* Assets.xcassets */ = {isa = PBXFileReference; lastKnownFileType = folder.assetcatalog; path = Assets.xcassets; sourceTree = "<group>"; };
		35BBFA742A5D456000F1F69F /* Preview Assets.xcassets */ = {isa = PBXFileReference; lastKnownFileType = folder.assetcatalog; path = "Preview Assets.xcassets"; sourceTree = "<group>"; };
		35BBFA7C2A5D468C00F1F69F /* HomeView.swift */ = {isa = PBXFileReference; lastKnownFileType = sourcecode.swift; path = HomeView.swift; sourceTree = "<group>"; };
		35BBFA812A5D49DD00F1F69F /* Movie.swift */ = {isa = PBXFileReference; lastKnownFileType = sourcecode.swift; path = Movie.swift; sourceTree = "<group>"; };
		35BBFA832A5D4A6600F1F69F /* StandardHomeMovie.swift */ = {isa = PBXFileReference; lastKnownFileType = sourcecode.swift; path = StandardHomeMovie.swift; sourceTree = "<group>"; };
		35BBFA852A5D4AAA00F1F69F /* GlobalHelpers.swift */ = {isa = PBXFileReference; lastKnownFileType = sourcecode.swift; path = GlobalHelpers.swift; sourceTree = "<group>"; };
		35CF13702A72F49600260C7D /* MovieDetail.swift */ = {isa = PBXFileReference; lastKnownFileType = sourcecode.swift; path = MovieDetail.swift; sourceTree = "<group>"; };
		35CF13742A73733200260C7D /* Episode.swift */ = {isa = PBXFileReference; lastKnownFileType = sourcecode.swift; path = Episode.swift; sourceTree = "<group>"; };
		35CF13762A7508FB00260C7D /* CustomTabSwitcher.swift */ = {isa = PBXFileReference; lastKnownFileType = sourcecode.swift; path = CustomTabSwitcher.swift; sourceTree = "<group>"; };
		35CF13792A794AB200260C7D /* MoreLikeThis.swift */ = {isa = PBXFileReference; lastKnownFileType = sourcecode.swift; path = MoreLikeThis.swift; sourceTree = "<group>"; };
		35CF137B2A798ABA00260C7D /* Trailer.swift */ = {isa = PBXFileReference; lastKnownFileType = sourcecode.swift; path = Trailer.swift; sourceTree = "<group>"; };
		35CF137D2A798B5500260C7D /* SwiftUIVideoView.swift */ = {isa = PBXFileReference; lastKnownFileType = sourcecode.swift; path = SwiftUIVideoView.swift; sourceTree = "<group>"; };
		35CF13802A798D0D00260C7D /* VideoPreviewImage.swift */ = {isa = PBXFileReference; lastKnownFileType = sourcecode.swift; path = VideoPreviewImage.swift; sourceTree = "<group>"; };
		35CF13822A798F4600260C7D /* TrailerList.swift */ = {isa = PBXFileReference; lastKnownFileType = sourcecode.swift; path = TrailerList.swift; sourceTree = "<group>"; };
		35CF13862A7DE67400260C7D /* EpisdoeView.swift */ = {isa = PBXFileReference; lastKnownFileType = sourcecode.swift; path = EpisdoeView.swift; sourceTree = "<group>"; };
		35CF13882A8379FA00260C7D /* HomeStack.swift */ = {isa = PBXFileReference; lastKnownFileType = sourcecode.swift; path = HomeStack.swift; sourceTree = "<group>"; };
		35CF13972A8A5D7E00260C7D /* Info.plist */ = {isa = PBXFileReference; lastKnownFileType = text.plist; path = Info.plist; sourceTree = "<group>"; };
		35CF13982A8F81B400260C7D /* SearchBar.swift */ = {isa = PBXFileReference; lastKnownFileType = sourcecode.swift; path = SearchBar.swift; sourceTree = "<group>"; };
		35D70A8D2A63DD5E003601AE /* TopMoviePreview.swift */ = {isa = PBXFileReference; lastKnownFileType = sourcecode.swift; path = TopMoviePreview.swift; sourceTree = "<group>"; };
/* End PBXFileReference section */

/* Begin PBXFrameworksBuildPhase section */
		35BBFA672A5D455F00F1F69F /* Frameworks */ = {
			isa = PBXFrameworksBuildPhase;
			buildActionMask = 2147483647;
			files = (
				35BBFA802A5D494D00F1F69F /* Kingfisher in Frameworks */,
			);
			runOnlyForDeploymentPostprocessing = 0;
		};
/* End PBXFrameworksBuildPhase section */

/* Begin PBXGroup section */
		35BBFA612A5D455F00F1F69F = {
			isa = PBXGroup;
			children = (
				35BBFA6C2A5D455F00F1F69F /* CloneNetflix */,
				35BBFA7B2A5D467100F1F69F /* iOS */,
				3537D1362A5E46AF0003482D /* ReadMe.strings */,
				35BBFA6B2A5D455F00F1F69F /* Products */,
			);
			sourceTree = "<group>";
		};
		35BBFA6B2A5D455F00F1F69F /* Products */ = {
			isa = PBXGroup;
			children = (
				35BBFA6A2A5D455F00F1F69F /* CloneNetflix.app */,
			);
			name = Products;
			sourceTree = "<group>";
		};
		35BBFA6C2A5D455F00F1F69F /* CloneNetflix */ = {
			isa = PBXGroup;
			children = (
				35CF13972A8A5D7E00260C7D /* Info.plist */,
				35BBFA6D2A5D455F00F1F69F /* CloneNetflixApp.swift */,
				35BBFA6F2A5D455F00F1F69F /* ContentView.swift */,
				35BBFA712A5D456000F1F69F /* Assets.xcassets */,
				35BBFA732A5D456000F1F69F /* Preview Content */,
			);
			path = CloneNetflix;
			sourceTree = "<group>";
		};
		35BBFA732A5D456000F1F69F /* Preview Content */ = {
			isa = PBXGroup;
			children = (
				35BBFA742A5D456000F1F69F /* Preview Assets.xcassets */,
			);
			path = "Preview Content";
			sourceTree = "<group>";
		};
		35BBFA7B2A5D467100F1F69F /* iOS */ = {
			isa = PBXGroup;
			children = (
				35CF139B2A8F81E300260C7D /* Search */,
				35CF136F2A72F43C00260C7D /* Helpers */,
				35CF136E2A72F42500260C7D /* Model */,
				35CF137F2A798C9300260C7D /* VideoPlayer */,
				35CF136D2A72F40900260C7D /* HelperViews */,
				35CF136C2A72F3FC00260C7D /* Home */,
				35CF13782A794A8F00260C7D /* MovieDetail */,
			);
			path = iOS;
			sourceTree = "<group>";
		};
		35CF136C2A72F3FC00260C7D /* Home */ = {
			isa = PBXGroup;
			children = (
				35BBFA7C2A5D468C00F1F69F /* HomeView.swift */,
				3537D1382A5E4CEA0003482D /* HomeVM.swift */,
				35CF13882A8379FA00260C7D /* HomeStack.swift */,
			);
			path = Home;
			sourceTree = "<group>";
		};
		35CF136D2A72F40900260C7D /* HelperViews */ = {
			isa = PBXGroup;
			children = (
				35BBFA832A5D4A6600F1F69F /* StandardHomeMovie.swift */,
				35D70A8D2A63DD5E003601AE /* TopMoviePreview.swift */,
				35820BB82A64D18C00E61670 /* SmallVerticalButton.swift */,
				35820BBA2A64D6F800E61670 /* PlayButton.swift */,
			);
			path = HelperViews;
			sourceTree = "<group>";
		};
		35CF136E2A72F42500260C7D /* Model */ = {
			isa = PBXGroup;
			children = (
				35BBFA812A5D49DD00F1F69F /* Movie.swift */,
				35CF13742A73733200260C7D /* Episode.swift */,
				35CF137B2A798ABA00260C7D /* Trailer.swift */,
			);
			path = Model;
			sourceTree = "<group>";
		};
		35CF136F2A72F43C00260C7D /* Helpers */ = {
			isa = PBXGroup;
			children = (
				35BBFA852A5D4AAA00F1F69F /* GlobalHelpers.swift */,
			);
			path = Helpers;
			sourceTree = "<group>";
		};
		35CF13782A794A8F00260C7D /* MovieDetail */ = {
			isa = PBXGroup;
			children = (
				35CF13762A7508FB00260C7D /* CustomTabSwitcher.swift */,
				35CF13702A72F49600260C7D /* MovieDetail.swift */,
				35CF13792A794AB200260C7D /* MoreLikeThis.swift */,
				35CF13822A798F4600260C7D /* TrailerList.swift */,
				35CF13862A7DE67400260C7D /* EpisdoeView.swift */,
			);
			path = MovieDetail;
			sourceTree = "<group>";
		};
		35CF137F2A798C9300260C7D /* VideoPlayer */ = {
			isa = PBXGroup;
			children = (
				35CF137D2A798B5500260C7D /* SwiftUIVideoView.swift */,
				35CF13802A798D0D00260C7D /* VideoPreviewImage.swift */,
			);
			path = VideoPlayer;
			sourceTree = "<group>";
		};
		35CF139B2A8F81E300260C7D /* Search */ = {
			isa = PBXGroup;
			children = (
				35CF13982A8F81B400260C7D /* SearchBar.swift */,
			);
			path = Search;
			sourceTree = "<group>";
		};
/* End PBXGroup section */

/* Begin PBXNativeTarget section */
		35BBFA692A5D455F00F1F69F /* CloneNetflix */ = {
			isa = PBXNativeTarget;
			buildConfigurationList = 35BBFA782A5D456000F1F69F /* Build configuration list for PBXNativeTarget "CloneNetflix" */;
			buildPhases = (
				35BBFA662A5D455F00F1F69F /* Sources */,
				35BBFA672A5D455F00F1F69F /* Frameworks */,
				35BBFA682A5D455F00F1F69F /* Resources */,
			);
			buildRules = (
			);
			dependencies = (
			);
			name = CloneNetflix;
			packageProductDependencies = (
				35BBFA7F2A5D494D00F1F69F /* Kingfisher */,
			);
			productName = CloneNetflix;
			productReference = 35BBFA6A2A5D455F00F1F69F /* CloneNetflix.app */;
			productType = "com.apple.product-type.application";
		};
/* End PBXNativeTarget section */

/* Begin PBXProject section */
		35BBFA622A5D455F00F1F69F /* Project object */ = {
			isa = PBXProject;
			attributes = {
				BuildIndependentTargetsInParallel = 1;
				LastSwiftUpdateCheck = 1430;
				LastUpgradeCheck = 1430;
				TargetAttributes = {
					35BBFA692A5D455F00F1F69F = {
						CreatedOnToolsVersion = 14.3.1;
					};
				};
			};
			buildConfigurationList = 35BBFA652A5D455F00F1F69F /* Build configuration list for PBXProject "CloneNetflix" */;
			compatibilityVersion = "Xcode 14.0";
			developmentRegion = en;
			hasScannedForEncodings = 0;
			knownRegions = (
				en,
				Base,
			);
			mainGroup = 35BBFA612A5D455F00F1F69F;
			packageReferences = (
				35BBFA7E2A5D494D00F1F69F /* XCRemoteSwiftPackageReference "Kingfisher" */,
			);
			productRefGroup = 35BBFA6B2A5D455F00F1F69F /* Products */;
			projectDirPath = "";
			projectRoot = "";
			targets = (
				35BBFA692A5D455F00F1F69F /* CloneNetflix */,
			);
		};
/* End PBXProject section */

/* Begin PBXResourcesBuildPhase section */
		35BBFA682A5D455F00F1F69F /* Resources */ = {
			isa = PBXResourcesBuildPhase;
			buildActionMask = 2147483647;
			files = (
				3537D1372A5E46AF0003482D /* ReadMe.strings in Resources */,
				35BBFA752A5D456000F1F69F /* Preview Assets.xcassets in Resources */,
				35BBFA722A5D456000F1F69F /* Assets.xcassets in Resources */,
			);
			runOnlyForDeploymentPostprocessing = 0;
		};
/* End PBXResourcesBuildPhase section */

/* Begin PBXSourcesBuildPhase section */
		35BBFA662A5D455F00F1F69F /* Sources */ = {
			isa = PBXSourcesBuildPhase;
			buildActionMask = 2147483647;
			files = (
				35BBFA862A5D4AAA00F1F69F /* GlobalHelpers.swift in Sources */,
				35CF137C2A798ABA00260C7D /* Trailer.swift in Sources */,
				35CF13752A73733200260C7D /* Episode.swift in Sources */,
				35BBFA7D2A5D468C00F1F69F /* HomeView.swift in Sources */,
				3537D1392A5E4CEA0003482D /* HomeVM.swift in Sources */,
				35CF13812A798D0D00260C7D /* VideoPreviewImage.swift in Sources */,
				35CF13872A7DE67400260C7D /* EpisdoeView.swift in Sources */,
				35BBFA702A5D455F00F1F69F /* ContentView.swift in Sources */,
				35D70A8E2A63DD5E003601AE /* TopMoviePreview.swift in Sources */,
				35BBFA842A5D4A6600F1F69F /* StandardHomeMovie.swift in Sources */,
				35BBFA822A5D49DD00F1F69F /* Movie.swift in Sources */,
				35BBFA6E2A5D455F00F1F69F /* CloneNetflixApp.swift in Sources */,
				35CF137A2A794AB200260C7D /* MoreLikeThis.swift in Sources */,
				35CF13892A8379FA00260C7D /* HomeStack.swift in Sources */,
				35CF13992A8F81B400260C7D /* SearchBar.swift in Sources */,
				35CF13772A7508FB00260C7D /* CustomTabSwitcher.swift in Sources */,
				35CF13832A798F4600260C7D /* TrailerList.swift in Sources */,
				35820BB92A64D18C00E61670 /* SmallVerticalButton.swift in Sources */,
				35820BBB2A64D6F800E61670 /* PlayButton.swift in Sources */,
				35CF137E2A798B5500260C7D /* SwiftUIVideoView.swift in Sources */,
				35CF13712A72F49600260C7D /* MovieDetail.swift in Sources */,
			);
			runOnlyForDeploymentPostprocessing = 0;
		};
/* End PBXSourcesBuildPhase section */

/* Begin XCBuildConfiguration section */
		35BBFA762A5D456000F1F69F /* Debug */ = {
			isa = XCBuildConfiguration;
			buildSettings = {
				ALWAYS_SEARCH_USER_PATHS = NO;
				CLANG_ANALYZER_NONNULL = YES;
				CLANG_ANALYZER_NUMBER_OBJECT_CONVERSION = YES_AGGRESSIVE;
				CLANG_CXX_LANGUAGE_STANDARD = "gnu++20";
				CLANG_ENABLE_MODULES = YES;
				CLANG_ENABLE_OBJC_ARC = YES;
				CLANG_ENABLE_OBJC_WEAK = YES;
				CLANG_WARN_BLOCK_CAPTURE_AUTORELEASING = YES;
				CLANG_WARN_BOOL_CONVERSION = YES;
				CLANG_WARN_COMMA = YES;
				CLANG_WARN_CONSTANT_CONVERSION = YES;
				CLANG_WARN_DEPRECATED_OBJC_IMPLEMENTATIONS = YES;
				CLANG_WARN_DIRECT_OBJC_ISA_USAGE = YES_ERROR;
				CLANG_WARN_DOCUMENTATION_COMMENTS = YES;
				CLANG_WARN_EMPTY_BODY = YES;
				CLANG_WARN_ENUM_CONVERSION = YES;
				CLANG_WARN_INFINITE_RECURSION = YES;
				CLANG_WARN_INT_CONVERSION = YES;
				CLANG_WARN_NON_LITERAL_NULL_CONVERSION = YES;
				CLANG_WARN_OBJC_IMPLICIT_RETAIN_SELF = YES;
				CLANG_WARN_OBJC_LITERAL_CONVERSION = YES;
				CLANG_WARN_OBJC_ROOT_CLASS = YES_ERROR;
				CLANG_WARN_QUOTED_INCLUDE_IN_FRAMEWORK_HEADER = YES;
				CLANG_WARN_RANGE_LOOP_ANALYSIS = YES;
				CLANG_WARN_STRICT_PROTOTYPES = YES;
				CLANG_WARN_SUSPICIOUS_MOVE = YES;
				CLANG_WARN_UNGUARDED_AVAILABILITY = YES_AGGRESSIVE;
				CLANG_WARN_UNREACHABLE_CODE = YES;
				CLANG_WARN__DUPLICATE_METHOD_MATCH = YES;
				COPY_PHASE_STRIP = NO;
				DEBUG_INFORMATION_FORMAT = dwarf;
				ENABLE_STRICT_OBJC_MSGSEND = YES;
				ENABLE_TESTABILITY = YES;
				GCC_C_LANGUAGE_STANDARD = gnu11;
				GCC_DYNAMIC_NO_PIC = NO;
				GCC_NO_COMMON_BLOCKS = YES;
				GCC_OPTIMIZATION_LEVEL = 0;
				GCC_PREPROCESSOR_DEFINITIONS = (
					"DEBUG=1",
					"$(inherited)",
				);
				GCC_WARN_64_TO_32_BIT_CONVERSION = YES;
				GCC_WARN_ABOUT_RETURN_TYPE = YES_ERROR;
				GCC_WARN_UNDECLARED_SELECTOR = YES;
				GCC_WARN_UNINITIALIZED_AUTOS = YES_AGGRESSIVE;
				GCC_WARN_UNUSED_FUNCTION = YES;
				GCC_WARN_UNUSED_VARIABLE = YES;
				IPHONEOS_DEPLOYMENT_TARGET = 16.4;
				MTL_ENABLE_DEBUG_INFO = INCLUDE_SOURCE;
				MTL_FAST_MATH = YES;
				ONLY_ACTIVE_ARCH = YES;
				SDKROOT = iphoneos;
				SWIFT_ACTIVE_COMPILATION_CONDITIONS = DEBUG;
				SWIFT_OPTIMIZATION_LEVEL = "-Onone";
			};
			name = Debug;
		};
		35BBFA772A5D456000F1F69F /* Release */ = {
			isa = XCBuildConfiguration;
			buildSettings = {
				ALWAYS_SEARCH_USER_PATHS = NO;
				CLANG_ANALYZER_NONNULL = YES;
				CLANG_ANALYZER_NUMBER_OBJECT_CONVERSION = YES_AGGRESSIVE;
				CLANG_CXX_LANGUAGE_STANDARD = "gnu++20";
				CLANG_ENABLE_MODULES = YES;
				CLANG_ENABLE_OBJC_ARC = YES;
				CLANG_ENABLE_OBJC_WEAK = YES;
				CLANG_WARN_BLOCK_CAPTURE_AUTORELEASING = YES;
				CLANG_WARN_BOOL_CONVERSION = YES;
				CLANG_WARN_COMMA = YES;
				CLANG_WARN_CONSTANT_CONVERSION = YES;
				CLANG_WARN_DEPRECATED_OBJC_IMPLEMENTATIONS = YES;
				CLANG_WARN_DIRECT_OBJC_ISA_USAGE = YES_ERROR;
				CLANG_WARN_DOCUMENTATION_COMMENTS = YES;
				CLANG_WARN_EMPTY_BODY = YES;
				CLANG_WARN_ENUM_CONVERSION = YES;
				CLANG_WARN_INFINITE_RECURSION = YES;
				CLANG_WARN_INT_CONVERSION = YES;
				CLANG_WARN_NON_LITERAL_NULL_CONVERSION = YES;
				CLANG_WARN_OBJC_IMPLICIT_RETAIN_SELF = YES;
				CLANG_WARN_OBJC_LITERAL_CONVERSION = YES;
				CLANG_WARN_OBJC_ROOT_CLASS = YES_ERROR;
				CLANG_WARN_QUOTED_INCLUDE_IN_FRAMEWORK_HEADER = YES;
				CLANG_WARN_RANGE_LOOP_ANALYSIS = YES;
				CLANG_WARN_STRICT_PROTOTYPES = YES;
				CLANG_WARN_SUSPICIOUS_MOVE = YES;
				CLANG_WARN_UNGUARDED_AVAILABILITY = YES_AGGRESSIVE;
				CLANG_WARN_UNREACHABLE_CODE = YES;
				CLANG_WARN__DUPLICATE_METHOD_MATCH = YES;
				COPY_PHASE_STRIP = NO;
				DEBUG_INFORMATION_FORMAT = "dwarf-with-dsym";
				ENABLE_NS_ASSERTIONS = NO;
				ENABLE_STRICT_OBJC_MSGSEND = YES;
				GCC_C_LANGUAGE_STANDARD = gnu11;
				GCC_NO_COMMON_BLOCKS = YES;
				GCC_WARN_64_TO_32_BIT_CONVERSION = YES;
				GCC_WARN_ABOUT_RETURN_TYPE = YES_ERROR;
				GCC_WARN_UNDECLARED_SELECTOR = YES;
				GCC_WARN_UNINITIALIZED_AUTOS = YES_AGGRESSIVE;
				GCC_WARN_UNUSED_FUNCTION = YES;
				GCC_WARN_UNUSED_VARIABLE = YES;
				IPHONEOS_DEPLOYMENT_TARGET = 16.4;
				MTL_ENABLE_DEBUG_INFO = NO;
				MTL_FAST_MATH = YES;
				SDKROOT = iphoneos;
				SWIFT_COMPILATION_MODE = wholemodule;
				SWIFT_OPTIMIZATION_LEVEL = "-O";
				VALIDATE_PRODUCT = YES;
			};
			name = Release;
		};
		35BBFA792A5D456000F1F69F /* Debug */ = {
			isa = XCBuildConfiguration;
			buildSettings = {
				ASSETCATALOG_COMPILER_APPICON_NAME = AppIcon;
				ASSETCATALOG_COMPILER_GLOBAL_ACCENT_COLOR_NAME = AccentColor;
				CODE_SIGN_STYLE = Automatic;
				CURRENT_PROJECT_VERSION = 1;
				DEVELOPMENT_ASSET_PATHS = "\"CloneNetflix/Preview Content\"";
				ENABLE_PREVIEWS = YES;
				GENERATE_INFOPLIST_FILE = YES;
				INFOPLIST_FILE = CloneNetflix/Info.plist;
				INFOPLIST_KEY_UIApplicationSceneManifest_Generation = YES;
				INFOPLIST_KEY_UIApplicationSupportsIndirectInputEvents = YES;
				INFOPLIST_KEY_UILaunchScreen_Generation = YES;
				INFOPLIST_KEY_UISupportedInterfaceOrientations_iPad = "UIInterfaceOrientationPortrait UIInterfaceOrientationPortraitUpsideDown UIInterfaceOrientationLandscapeLeft UIInterfaceOrientationLandscapeRight";
				INFOPLIST_KEY_UISupportedInterfaceOrientations_iPhone = "UIInterfaceOrientationPortrait UIInterfaceOrientationLandscapeLeft UIInterfaceOrientationLandscapeRight";
				LD_RUNPATH_SEARCH_PATHS = (
					"$(inherited)",
					"@executable_path/Frameworks",
				);
				MARKETING_VERSION = 1.0;
				PRODUCT_BUNDLE_IDENTIFIER = co.PeterPark.CloneNetflix;
				PRODUCT_NAME = "$(TARGET_NAME)";
				SWIFT_EMIT_LOC_STRINGS = YES;
				SWIFT_VERSION = 5.0;
				TARGETED_DEVICE_FAMILY = "1,2";
			};
			name = Debug;
		};
		35BBFA7A2A5D456000F1F69F /* Release */ = {
			isa = XCBuildConfiguration;
			buildSettings = {
				ASSETCATALOG_COMPILER_APPICON_NAME = AppIcon;
				ASSETCATALOG_COMPILER_GLOBAL_ACCENT_COLOR_NAME = AccentColor;
				CODE_SIGN_STYLE = Automatic;
				CURRENT_PROJECT_VERSION = 1;
				DEVELOPMENT_ASSET_PATHS = "\"CloneNetflix/Preview Content\"";
				ENABLE_PREVIEWS = YES;
				GENERATE_INFOPLIST_FILE = YES;
				INFOPLIST_FILE = CloneNetflix/Info.plist;
				INFOPLIST_KEY_UIApplicationSceneManifest_Generation = YES;
				INFOPLIST_KEY_UIApplicationSupportsIndirectInputEvents = YES;
				INFOPLIST_KEY_UILaunchScreen_Generation = YES;
				INFOPLIST_KEY_UISupportedInterfaceOrientations_iPad = "UIInterfaceOrientationPortrait UIInterfaceOrientationPortraitUpsideDown UIInterfaceOrientationLandscapeLeft UIInterfaceOrientationLandscapeRight";
				INFOPLIST_KEY_UISupportedInterfaceOrientations_iPhone = "UIInterfaceOrientationPortrait UIInterfaceOrientationLandscapeLeft UIInterfaceOrientationLandscapeRight";
				LD_RUNPATH_SEARCH_PATHS = (
					"$(inherited)",
					"@executable_path/Frameworks",
				);
				MARKETING_VERSION = 1.0;
				PRODUCT_BUNDLE_IDENTIFIER = co.PeterPark.CloneNetflix;
				PRODUCT_NAME = "$(TARGET_NAME)";
				SWIFT_EMIT_LOC_STRINGS = YES;
				SWIFT_VERSION = 5.0;
				TARGETED_DEVICE_FAMILY = "1,2";
			};
			name = Release;
		};
/* End XCBuildConfiguration section */

/* Begin XCConfigurationList section */
		35BBFA652A5D455F00F1F69F /* Build configuration list for PBXProject "CloneNetflix" */ = {
			isa = XCConfigurationList;
			buildConfigurations = (
				35BBFA762A5D456000F1F69F /* Debug */,
				35BBFA772A5D456000F1F69F /* Release */,
			);
			defaultConfigurationIsVisible = 0;
			defaultConfigurationName = Release;
		};
		35BBFA782A5D456000F1F69F /* Build configuration list for PBXNativeTarget "CloneNetflix" */ = {
			isa = XCConfigurationList;
			buildConfigurations = (
				35BBFA792A5D456000F1F69F /* Debug */,
				35BBFA7A2A5D456000F1F69F /* Release */,
			);
			defaultConfigurationIsVisible = 0;
			defaultConfigurationName = Release;
		};
/* End XCConfigurationList section */

/* Begin XCRemoteSwiftPackageReference section */
		35BBFA7E2A5D494D00F1F69F /* XCRemoteSwiftPackageReference "Kingfisher" */ = {
			isa = XCRemoteSwiftPackageReference;
			repositoryURL = "https://github.com/onevcat/Kingfisher.git";
			requirement = {
				kind = upToNextMajorVersion;
				minimumVersion = 7.0.0;
			};
		};
/* End XCRemoteSwiftPackageReference section */

/* Begin XCSwiftPackageProductDependency section */
		35BBFA7F2A5D494D00F1F69F /* Kingfisher */ = {
			isa = XCSwiftPackageProductDependency;
			package = 35BBFA7E2A5D494D00F1F69F /* XCRemoteSwiftPackageReference "Kingfisher" */;
			productName = Kingfisher;
		};
/* End XCSwiftPackageProductDependency section */
	};
	rootObject = 35BBFA622A5D455F00F1F69F /* Project object */;
}
